// !$*UTF8*$!
{
	archiveVersion = 1;
	classes = {
	};
	objectVersion = 77;
	objects = {

/* Begin PBXBuildFile section */
		925236B02D0695F2008BA930 /* Alamofire in Frameworks */ = {isa = PBXBuildFile; productRef = 925236AF2D0695F2008BA930 /* Alamofire */; };
		925236B32D06962E008BA930 /* SwiftyJSON in Frameworks */ = {isa = PBXBuildFile; productRef = 925236B22D06962E008BA930 /* SwiftyJSON */; };
		9263BD4B2D098A0000E65D41 /* SwiftSpinner in Frameworks */ = {isa = PBXBuildFile; productRef = 9263BD4A2D098A0000E65D41 /* SwiftSpinner */; };
/* End PBXBuildFile section */

/* Begin PBXContainerItemProxy section */
		92736BC92CF7A78B00720C5B /* PBXContainerItemProxy */ = {
			isa = PBXContainerItemProxy;
			containerPortal = 92736BB02CF7A78800720C5B /* Project object */;
			proxyType = 1;
			remoteGlobalIDString = 92736BB72CF7A78800720C5B;
			remoteInfo = Assignment4;
		};
		92736BD32CF7A78B00720C5B /* PBXContainerItemProxy */ = {
			isa = PBXContainerItemProxy;
			containerPortal = 92736BB02CF7A78800720C5B /* Project object */;
			proxyType = 1;
			remoteGlobalIDString = 92736BB72CF7A78800720C5B;
			remoteInfo = Assignment4;
		};
/* End PBXContainerItemProxy section */

/* Begin PBXFileReference section */
		92736BB82CF7A78800720C5B /* Assignment4.app */ = {isa = PBXFileReference; explicitFileType = wrapper.application; includeInIndex = 0; path = Assignment4.app; sourceTree = BUILT_PRODUCTS_DIR; };
		92736BC82CF7A78B00720C5B /* Assignment4Tests.xctest */ = {isa = PBXFileReference; explicitFileType = wrapper.cfbundle; includeInIndex = 0; path = Assignment4Tests.xctest; sourceTree = BUILT_PRODUCTS_DIR; };
		92736BD22CF7A78B00720C5B /* Assignment4UITests.xctest */ = {isa = PBXFileReference; explicitFileType = wrapper.cfbundle; includeInIndex = 0; path = Assignment4UITests.xctest; sourceTree = BUILT_PRODUCTS_DIR; };
/* End PBXFileReference section */

/* Begin PBXFileSystemSynchronizedRootGroup section */
		924300A12D03FC63006D178A /* Resources */ = {
			isa = PBXFileSystemSynchronizedRootGroup;
			path = Resources;
			sourceTree = "<group>";
		};
		92736BBA2CF7A78800720C5B /* Assignment4 */ = {
			isa = PBXFileSystemSynchronizedRootGroup;
			path = Assignment4;
			sourceTree = "<group>";
		};
		92736BCB2CF7A78B00720C5B /* Assignment4Tests */ = {
			isa = PBXFileSystemSynchronizedRootGroup;
			path = Assignment4Tests;
			sourceTree = "<group>";
		};
		92736BD52CF7A78B00720C5B /* Assignment4UITests */ = {
			isa = PBXFileSystemSynchronizedRootGroup;
			path = Assignment4UITests;
			sourceTree = "<group>";
		};
/* End PBXFileSystemSynchronizedRootGroup section */

/* Begin PBXFrameworksBuildPhase section */
		92736BB52CF7A78800720C5B /* Frameworks */ = {
			isa = PBXFrameworksBuildPhase;
			buildActionMask = 2147483647;
			files = (
				925236B32D06962E008BA930 /* SwiftyJSON in Frameworks */,
				925236B02D0695F2008BA930 /* Alamofire in Frameworks */,
				9263BD4B2D098A0000E65D41 /* SwiftSpinner in Frameworks */,
			);
			runOnlyForDeploymentPostprocessing = 0;
		};
		92736BC52CF7A78B00720C5B /* Frameworks */ = {
			isa = PBXFrameworksBuildPhase;
			buildActionMask = 2147483647;
			files = (
			);
			runOnlyForDeploymentPostprocessing = 0;
		};
		92736BCF2CF7A78B00720C5B /* Frameworks */ = {
			isa = PBXFrameworksBuildPhase;
			buildActionMask = 2147483647;
			files = (
			);
			runOnlyForDeploymentPostprocessing = 0;
		};
/* End PBXFrameworksBuildPhase section */

/* Begin PBXGroup section */
		925236AD2D06930D008BA930 /* Frameworks */ = {
			isa = PBXGroup;
			children = (
			);
			name = Frameworks;
			sourceTree = "<group>";
		};
		92736BAF2CF7A78800720C5B = {
			isa = PBXGroup;
			children = (
				924300A12D03FC63006D178A /* Resources */,
				92736BBA2CF7A78800720C5B /* Assignment4 */,
				92736BCB2CF7A78B00720C5B /* Assignment4Tests */,
				92736BD52CF7A78B00720C5B /* Assignment4UITests */,
				925236AD2D06930D008BA930 /* Frameworks */,
				92736BB92CF7A78800720C5B /* Products */,
			);
			sourceTree = "<group>";
		};
		92736BB92CF7A78800720C5B /* Products */ = {
			isa = PBXGroup;
			children = (
				92736BB82CF7A78800720C5B /* Assignment4.app */,
				92736BC82CF7A78B00720C5B /* Assignment4Tests.xctest */,
				92736BD22CF7A78B00720C5B /* Assignment4UITests.xctest */,
			);
			name = Products;
			sourceTree = "<group>";
		};
/* End PBXGroup section */

/* Begin PBXNativeTarget section */
		92736BB72CF7A78800720C5B /* Assignment4 */ = {
			isa = PBXNativeTarget;
			buildConfigurationList = 92736BDC2CF7A78B00720C5B /* Build configuration list for PBXNativeTarget "Assignment4" */;
			buildPhases = (
				92736BB42CF7A78800720C5B /* Sources */,
				92736BB52CF7A78800720C5B /* Frameworks */,
				92736BB62CF7A78800720C5B /* Resources */,
			);
			buildRules = (
			);
			dependencies = (
			);
			fileSystemSynchronizedGroups = (
				924300A12D03FC63006D178A /* Resources */,
				92736BBA2CF7A78800720C5B /* Assignment4 */,
			);
			name = Assignment4;
			packageProductDependencies = (
				925236AF2D0695F2008BA930 /* Alamofire */,
				925236B22D06962E008BA930 /* SwiftyJSON */,
				9263BD4A2D098A0000E65D41 /* SwiftSpinner */,
			);
			productName = Assignment4;
			productReference = 92736BB82CF7A78800720C5B /* Assignment4.app */;
			productType = "com.apple.product-type.application";
		};
		92736BC72CF7A78B00720C5B /* Assignment4Tests */ = {
			isa = PBXNativeTarget;
			buildConfigurationList = 92736BDF2CF7A78B00720C5B /* Build configuration list for PBXNativeTarget "Assignment4Tests" */;
			buildPhases = (
				92736BC42CF7A78B00720C5B /* Sources */,
				92736BC52CF7A78B00720C5B /* Frameworks */,
				92736BC62CF7A78B00720C5B /* Resources */,
			);
			buildRules = (
			);
			dependencies = (
				92736BCA2CF7A78B00720C5B /* PBXTargetDependency */,
			);
			fileSystemSynchronizedGroups = (
				92736BCB2CF7A78B00720C5B /* Assignment4Tests */,
			);
			name = Assignment4Tests;
			packageProductDependencies = (
			);
			productName = Assignment4Tests;
			productReference = 92736BC82CF7A78B00720C5B /* Assignment4Tests.xctest */;
			productType = "com.apple.product-type.bundle.unit-test";
		};
		92736BD12CF7A78B00720C5B /* Assignment4UITests */ = {
			isa = PBXNativeTarget;
			buildConfigurationList = 92736BE22CF7A78B00720C5B /* Build configuration list for PBXNativeTarget "Assignment4UITests" */;
			buildPhases = (
				92736BCE2CF7A78B00720C5B /* Sources */,
				92736BCF2CF7A78B00720C5B /* Frameworks */,
				92736BD02CF7A78B00720C5B /* Resources */,
			);
			buildRules = (
			);
			dependencies = (
				92736BD42CF7A78B00720C5B /* PBXTargetDependency */,
			);
			fileSystemSynchronizedGroups = (
				92736BD52CF7A78B00720C5B /* Assignment4UITests */,
			);
			name = Assignment4UITests;
			packageProductDependencies = (
			);
			productName = Assignment4UITests;
			productReference = 92736BD22CF7A78B00720C5B /* Assignment4UITests.xctest */;
			productType = "com.apple.product-type.bundle.ui-testing";
		};
/* End PBXNativeTarget section */

/* Begin PBXProject section */
		92736BB02CF7A78800720C5B /* Project object */ = {
			isa = PBXProject;
			attributes = {
				BuildIndependentTargetsInParallel = 1;
				LastSwiftUpdateCheck = 1610;
				LastUpgradeCheck = 1610;
				TargetAttributes = {
					92736BB72CF7A78800720C5B = {
						CreatedOnToolsVersion = 16.1;
					};
					92736BC72CF7A78B00720C5B = {
						CreatedOnToolsVersion = 16.1;
						TestTargetID = 92736BB72CF7A78800720C5B;
					};
					92736BD12CF7A78B00720C5B = {
						CreatedOnToolsVersion = 16.1;
						TestTargetID = 92736BB72CF7A78800720C5B;
					};
				};
			};
			buildConfigurationList = 92736BB32CF7A78800720C5B /* Build configuration list for PBXProject "Assignment4" */;
			developmentRegion = en;
			hasScannedForEncodings = 0;
			knownRegions = (
				en,
				Base,
			);
			mainGroup = 92736BAF2CF7A78800720C5B;
			minimizedProjectReferenceProxies = 1;
			packageReferences = (
				925236AE2D0695F2008BA930 /* XCRemoteSwiftPackageReference "Alamofire" */,
				925236B12D06962E008BA930 /* XCRemoteSwiftPackageReference "SwiftyJSON" */,
				9263BD492D098A0000E65D41 /* XCRemoteSwiftPackageReference "SwiftSpinner" */,
			);
			preferredProjectObjectVersion = 77;
			productRefGroup = 92736BB92CF7A78800720C5B /* Products */;
			projectDirPath = "";
			projectRoot = "";
			targets = (
				92736BB72CF7A78800720C5B /* Assignment4 */,
				92736BC72CF7A78B00720C5B /* Assignment4Tests */,
				92736BD12CF7A78B00720C5B /* Assignment4UITests */,
			);
		};
/* End PBXProject section */

/* Begin PBXResourcesBuildPhase section */
		92736BB62CF7A78800720C5B /* Resources */ = {
			isa = PBXResourcesBuildPhase;
			buildActionMask = 2147483647;
			files = (
			);
			runOnlyForDeploymentPostprocessing = 0;
		};
		92736BC62CF7A78B00720C5B /* Resources */ = {
			isa = PBXResourcesBuildPhase;
			buildActionMask = 2147483647;
			files = (
			);
			runOnlyForDeploymentPostprocessing = 0;
		};
		92736BD02CF7A78B00720C5B /* Resources */ = {
			isa = PBXResourcesBuildPhase;
			buildActionMask = 2147483647;
			files = (
			);
			runOnlyForDeploymentPostprocessing = 0;
		};
/* End PBXResourcesBuildPhase section */

/* Begin PBXSourcesBuildPhase section */
		92736BB42CF7A78800720C5B /* Sources */ = {
			isa = PBXSourcesBuildPhase;
			buildActionMask = 2147483647;
			files = (
			);
			runOnlyForDeploymentPostprocessing = 0;
		};
		92736BC42CF7A78B00720C5B /* Sources */ = {
			isa = PBXSourcesBuildPhase;
			buildActionMask = 2147483647;
			files = (
			);
			runOnlyForDeploymentPostprocessing = 0;
		};
		92736BCE2CF7A78B00720C5B /* Sources */ = {
			isa = PBXSourcesBuildPhase;
			buildActionMask = 2147483647;
			files = (
			);
			runOnlyForDeploymentPostprocessing = 0;
		};
/* End PBXSourcesBuildPhase section */

/* Begin PBXTargetDependency section */
		92736BCA2CF7A78B00720C5B /* PBXTargetDependency */ = {
			isa = PBXTargetDependency;
			target = 92736BB72CF7A78800720C5B /* Assignment4 */;
			targetProxy = 92736BC92CF7A78B00720C5B /* PBXContainerItemProxy */;
		};
		92736BD42CF7A78B00720C5B /* PBXTargetDependency */ = {
			isa = PBXTargetDependency;
			target = 92736BB72CF7A78800720C5B /* Assignment4 */;
			targetProxy = 92736BD32CF7A78B00720C5B /* PBXContainerItemProxy */;
		};
/* End PBXTargetDependency section */

/* Begin XCBuildConfiguration section */
		92736BDA2CF7A78B00720C5B /* Debug */ = {
			isa = XCBuildConfiguration;
			buildSettings = {
				ALWAYS_SEARCH_USER_PATHS = NO;
				ASSETCATALOG_COMPILER_GENERATE_SWIFT_ASSET_SYMBOL_EXTENSIONS = YES;
				CLANG_ANALYZER_NONNULL = YES;
				CLANG_ANALYZER_NUMBER_OBJECT_CONVERSION = YES_AGGRESSIVE;
				CLANG_CXX_LANGUAGE_STANDARD = "gnu++20";
				CLANG_ENABLE_MODULES = YES;
				CLANG_ENABLE_OBJC_ARC = YES;
				CLANG_ENABLE_OBJC_WEAK = YES;
				CLANG_WARN_BLOCK_CAPTURE_AUTORELEASING = YES;
				CLANG_WARN_BOOL_CONVERSION = YES;
				CLANG_WARN_COMMA = YES;
				CLANG_WARN_CONSTANT_CONVERSION = YES;
				CLANG_WARN_DEPRECATED_OBJC_IMPLEMENTATIONS = YES;
				CLANG_WARN_DIRECT_OBJC_ISA_USAGE = YES_ERROR;
				CLANG_WARN_DOCUMENTATION_COMMENTS = YES;
				CLANG_WARN_EMPTY_BODY = YES;
				CLANG_WARN_ENUM_CONVERSION = YES;
				CLANG_WARN_INFINITE_RECURSION = YES;
				CLANG_WARN_INT_CONVERSION = YES;
				CLANG_WARN_NON_LITERAL_NULL_CONVERSION = YES;
				CLANG_WARN_OBJC_IMPLICIT_RETAIN_SELF = YES;
				CLANG_WARN_OBJC_LITERAL_CONVERSION = YES;
				CLANG_WARN_OBJC_ROOT_CLASS = YES_ERROR;
				CLANG_WARN_QUOTED_INCLUDE_IN_FRAMEWORK_HEADER = YES;
				CLANG_WARN_RANGE_LOOP_ANALYSIS = YES;
				CLANG_WARN_STRICT_PROTOTYPES = YES;
				CLANG_WARN_SUSPICIOUS_MOVE = YES;
				CLANG_WARN_UNGUARDED_AVAILABILITY = YES_AGGRESSIVE;
				CLANG_WARN_UNREACHABLE_CODE = YES;
				CLANG_WARN__DUPLICATE_METHOD_MATCH = YES;
				COPY_PHASE_STRIP = NO;
				DEBUG_INFORMATION_FORMAT = dwarf;
				ENABLE_STRICT_OBJC_MSGSEND = YES;
				ENABLE_TESTABILITY = YES;
				ENABLE_USER_SCRIPT_SANDBOXING = YES;
				GCC_C_LANGUAGE_STANDARD = gnu17;
				GCC_DYNAMIC_NO_PIC = NO;
				GCC_NO_COMMON_BLOCKS = YES;
				GCC_OPTIMIZATION_LEVEL = 0;
				GCC_PREPROCESSOR_DEFINITIONS = (
					"DEBUG=1",
					"$(inherited)",
				);
				GCC_WARN_64_TO_32_BIT_CONVERSION = YES;
				GCC_WARN_ABOUT_RETURN_TYPE = YES_ERROR;
				GCC_WARN_UNDECLARED_SELECTOR = YES;
				GCC_WARN_UNINITIALIZED_AUTOS = YES_AGGRESSIVE;
				GCC_WARN_UNUSED_FUNCTION = YES;
				GCC_WARN_UNUSED_VARIABLE = YES;
				IPHONEOS_DEPLOYMENT_TARGET = 18.1;
				LOCALIZATION_PREFERS_STRING_CATALOGS = YES;
				MTL_ENABLE_DEBUG_INFO = INCLUDE_SOURCE;
				MTL_FAST_MATH = YES;
				ONLY_ACTIVE_ARCH = YES;
				SDKROOT = iphoneos;
				SWIFT_ACTIVE_COMPILATION_CONDITIONS = "DEBUG $(inherited)";
				SWIFT_OPTIMIZATION_LEVEL = "-Onone";
			};
			name = Debug;
		};
		92736BDB2CF7A78B00720C5B /* Release */ = {
			isa = XCBuildConfiguration;
			buildSettings = {
				ALWAYS_SEARCH_USER_PATHS = NO;
				ASSETCATALOG_COMPILER_GENERATE_SWIFT_ASSET_SYMBOL_EXTENSIONS = YES;
				CLANG_ANALYZER_NONNULL = YES;
				CLANG_ANALYZER_NUMBER_OBJECT_CONVERSION = YES_AGGRESSIVE;
				CLANG_CXX_LANGUAGE_STANDARD = "gnu++20";
				CLANG_ENABLE_MODULES = YES;
				CLANG_ENABLE_OBJC_ARC = YES;
				CLANG_ENABLE_OBJC_WEAK = YES;
				CLANG_WARN_BLOCK_CAPTURE_AUTORELEASING = YES;
				CLANG_WARN_BOOL_CONVERSION = YES;
				CLANG_WARN_COMMA = YES;
				CLANG_WARN_CONSTANT_CONVERSION = YES;
				CLANG_WARN_DEPRECATED_OBJC_IMPLEMENTATIONS = YES;
				CLANG_WARN_DIRECT_OBJC_ISA_USAGE = YES_ERROR;
				CLANG_WARN_DOCUMENTATION_COMMENTS = YES;
				CLANG_WARN_EMPTY_BODY = YES;
				CLANG_WARN_ENUM_CONVERSION = YES;
				CLANG_WARN_INFINITE_RECURSION = YES;
				CLANG_WARN_INT_CONVERSION = YES;
				CLANG_WARN_NON_LITERAL_NULL_CONVERSION = YES;
				CLANG_WARN_OBJC_IMPLICIT_RETAIN_SELF = YES;
				CLANG_WARN_OBJC_LITERAL_CONVERSION = YES;
				CLANG_WARN_OBJC_ROOT_CLASS = YES_ERROR;
				CLANG_WARN_QUOTED_INCLUDE_IN_FRAMEWORK_HEADER = YES;
				CLANG_WARN_RANGE_LOOP_ANALYSIS = YES;
				CLANG_WARN_STRICT_PROTOTYPES = YES;
				CLANG_WARN_SUSPICIOUS_MOVE = YES;
				CLANG_WARN_UNGUARDED_AVAILABILITY = YES_AGGRESSIVE;
				CLANG_WARN_UNREACHABLE_CODE = YES;
				CLANG_WARN__DUPLICATE_METHOD_MATCH = YES;
				COPY_PHASE_STRIP = NO;
				DEBUG_INFORMATION_FORMAT = "dwarf-with-dsym";
				ENABLE_NS_ASSERTIONS = NO;
				ENABLE_STRICT_OBJC_MSGSEND = YES;
				ENABLE_USER_SCRIPT_SANDBOXING = YES;
				GCC_C_LANGUAGE_STANDARD = gnu17;
				GCC_NO_COMMON_BLOCKS = YES;
				GCC_WARN_64_TO_32_BIT_CONVERSION = YES;
				GCC_WARN_ABOUT_RETURN_TYPE = YES_ERROR;
				GCC_WARN_UNDECLARED_SELECTOR = YES;
				GCC_WARN_UNINITIALIZED_AUTOS = YES_AGGRESSIVE;
				GCC_WARN_UNUSED_FUNCTION = YES;
				GCC_WARN_UNUSED_VARIABLE = YES;
				IPHONEOS_DEPLOYMENT_TARGET = 18.1;
				LOCALIZATION_PREFERS_STRING_CATALOGS = YES;
				MTL_ENABLE_DEBUG_INFO = NO;
				MTL_FAST_MATH = YES;
				SDKROOT = iphoneos;
				SWIFT_COMPILATION_MODE = wholemodule;
				VALIDATE_PRODUCT = YES;
			};
			name = Release;
		};
		92736BDD2CF7A78B00720C5B /* Debug */ = {
			isa = XCBuildConfiguration;
			buildSettings = {
				ASSETCATALOG_COMPILER_APPICON_NAME = AppIcon;
				ASSETCATALOG_COMPILER_GLOBAL_ACCENT_COLOR_NAME = AccentColor;
				CODE_SIGN_STYLE = Automatic;
				CURRENT_PROJECT_VERSION = 1;
				DEVELOPMENT_ASSET_PATHS = "\"Assignment4/Preview Content\"";
				DEVELOPMENT_TEAM = LTYKU2MDT4;
				ENABLE_PREVIEWS = YES;
				GENERATE_INFOPLIST_FILE = YES;
				INFOPLIST_KEY_UIApplicationSceneManifest_Generation = YES;
				INFOPLIST_KEY_UIApplicationSupportsIndirectInputEvents = YES;
				INFOPLIST_KEY_UILaunchScreen_Generation = YES;
				INFOPLIST_KEY_UILaunchStoryboardName = "Launch Screen.storyboard";
				INFOPLIST_KEY_UISupportedInterfaceOrientations_iPad = "UIInterfaceOrientationPortrait UIInterfaceOrientationPortraitUpsideDown UIInterfaceOrientationLandscapeLeft UIInterfaceOrientationLandscapeRight";
				INFOPLIST_KEY_UISupportedInterfaceOrientations_iPhone = "UIInterfaceOrientationPortrait UIInterfaceOrientationLandscapeLeft UIInterfaceOrientationLandscapeRight";
				LD_RUNPATH_SEARCH_PATHS = (
					"$(inherited)",
					"@executable_path/Frameworks",
				);
				MARKETING_VERSION = 1.0;
				PRODUCT_BUNDLE_IDENTIFIER = CSCI571.Assignment4;
				PRODUCT_NAME = "$(TARGET_NAME)";
				SUPPORTED_PLATFORMS = "iphoneos iphonesimulator";
				SUPPORTS_MACCATALYST = NO;
				SUPPORTS_MAC_DESIGNED_FOR_IPHONE_IPAD = NO;
				SUPPORTS_XR_DESIGNED_FOR_IPHONE_IPAD = NO;
				SWIFT_EMIT_LOC_STRINGS = YES;
				SWIFT_VERSION = 5.0;
				TARGETED_DEVICE_FAMILY = 1;
			};
			name = Debug;
		};
		92736BDE2CF7A78B00720C5B /* Release */ = {
			isa = XCBuildConfiguration;
			buildSettings = {
				ASSETCATALOG_COMPILER_APPICON_NAME = AppIcon;
				ASSETCATALOG_COMPILER_GLOBAL_ACCENT_COLOR_NAME = AccentColor;
				CODE_SIGN_STYLE = Automatic;
				CURRENT_PROJECT_VERSION = 1;
				DEVELOPMENT_ASSET_PATHS = "\"Assignment4/Preview Content\"";
				DEVELOPMENT_TEAM = LTYKU2MDT4;
				ENABLE_PREVIEWS = YES;
				GENERATE_INFOPLIST_FILE = YES;
				INFOPLIST_KEY_UIApplicationSceneManifest_Generation = YES;
				INFOPLIST_KEY_UIApplicationSupportsIndirectInputEvents = YES;
				INFOPLIST_KEY_UILaunchScreen_Generation = YES;
				INFOPLIST_KEY_UILaunchStoryboardName = "Launch Screen.storyboard";
				INFOPLIST_KEY_UISupportedInterfaceOrientations_iPad = "UIInterfaceOrientationPortrait UIInterfaceOrientationPortraitUpsideDown UIInterfaceOrientationLandscapeLeft UIInterfaceOrientationLandscapeRight";
				INFOPLIST_KEY_UISupportedInterfaceOrientations_iPhone = "UIInterfaceOrientationPortrait UIInterfaceOrientationLandscapeLeft UIInterfaceOrientationLandscapeRight";
				LD_RUNPATH_SEARCH_PATHS = (
					"$(inherited)",
					"@executable_path/Frameworks",
				);
				MARKETING_VERSION = 1.0;
				PRODUCT_BUNDLE_IDENTIFIER = CSCI571.Assignment4;
				PRODUCT_NAME = "$(TARGET_NAME)";
				SUPPORTED_PLATFORMS = "iphoneos iphonesimulator";
				SUPPORTS_MACCATALYST = NO;
				SUPPORTS_MAC_DESIGNED_FOR_IPHONE_IPAD = NO;
				SUPPORTS_XR_DESIGNED_FOR_IPHONE_IPAD = NO;
				SWIFT_EMIT_LOC_STRINGS = YES;
				SWIFT_VERSION = 5.0;
				TARGETED_DEVICE_FAMILY = 1;
			};
			name = Release;
		};
		92736BE02CF7A78B00720C5B /* Debug */ = {
			isa = XCBuildConfiguration;
			buildSettings = {
				BUNDLE_LOADER = "$(TEST_HOST)";
				CODE_SIGN_STYLE = Automatic;
				CURRENT_PROJECT_VERSION = 1;
				DEVELOPMENT_TEAM = LTYKU2MDT4;
				GENERATE_INFOPLIST_FILE = YES;
				IPHONEOS_DEPLOYMENT_TARGET = 18.1;
				MARKETING_VERSION = 1.0;
				PRODUCT_BUNDLE_IDENTIFIER = CSCI571.Assignment4Tests;
				PRODUCT_NAME = "$(TARGET_NAME)";
				SWIFT_EMIT_LOC_STRINGS = NO;
				SWIFT_VERSION = 5.0;
				TARGETED_DEVICE_FAMILY = "1,2";
				TEST_HOST = "$(BUILT_PRODUCTS_DIR)/Assignment4.app/$(BUNDLE_EXECUTABLE_FOLDER_PATH)/Assignment4";
			};
			name = Debug;
		};
		92736BE12CF7A78B00720C5B /* Release */ = {
			isa = XCBuildConfiguration;
			buildSettings = {
				BUNDLE_LOADER = "$(TEST_HOST)";
				CODE_SIGN_STYLE = Automatic;
				CURRENT_PROJECT_VERSION = 1;
				DEVELOPMENT_TEAM = LTYKU2MDT4;
				GENERATE_INFOPLIST_FILE = YES;
				IPHONEOS_DEPLOYMENT_TARGET = 18.1;
				MARKETING_VERSION = 1.0;
				PRODUCT_BUNDLE_IDENTIFIER = CSCI571.Assignment4Tests;
				PRODUCT_NAME = "$(TARGET_NAME)";
				SWIFT_EMIT_LOC_STRINGS = NO;
				SWIFT_VERSION = 5.0;
				TARGETED_DEVICE_FAMILY = "1,2";
				TEST_HOST = "$(BUILT_PRODUCTS_DIR)/Assignment4.app/$(BUNDLE_EXECUTABLE_FOLDER_PATH)/Assignment4";
			};
			name = Release;
		};
		92736BE32CF7A78B00720C5B /* Debug */ = {
			isa = XCBuildConfiguration;
			buildSettings = {
				CODE_SIGN_STYLE = Automatic;
				CURRENT_PROJECT_VERSION = 1;
				DEVELOPMENT_TEAM = LTYKU2MDT4;
				GENERATE_INFOPLIST_FILE = YES;
				MARKETING_VERSION = 1.0;
				PRODUCT_BUNDLE_IDENTIFIER = CSCI571.Assignment4UITests;
				PRODUCT_NAME = "$(TARGET_NAME)";
				SWIFT_EMIT_LOC_STRINGS = NO;
				SWIFT_VERSION = 5.0;
				TARGETED_DEVICE_FAMILY = "1,2";
				TEST_TARGET_NAME = Assignment4;
			};
			name = Debug;
		};
		92736BE42CF7A78B00720C5B /* Release */ = {
			isa = XCBuildConfiguration;
			buildSettings = {
				CODE_SIGN_STYLE = Automatic;
				CURRENT_PROJECT_VERSION = 1;
				DEVELOPMENT_TEAM = LTYKU2MDT4;
				GENERATE_INFOPLIST_FILE = YES;
				MARKETING_VERSION = 1.0;
				PRODUCT_BUNDLE_IDENTIFIER = CSCI571.Assignment4UITests;
				PRODUCT_NAME = "$(TARGET_NAME)";
				SWIFT_EMIT_LOC_STRINGS = NO;
				SWIFT_VERSION = 5.0;
				TARGETED_DEVICE_FAMILY = "1,2";
				TEST_TARGET_NAME = Assignment4;
			};
			name = Release;
		};
/* End XCBuildConfiguration section */

/* Begin XCConfigurationList section */
		92736BB32CF7A78800720C5B /* Build configuration list for PBXProject "Assignment4" */ = {
			isa = XCConfigurationList;
			buildConfigurations = (
				92736BDA2CF7A78B00720C5B /* Debug */,
				92736BDB2CF7A78B00720C5B /* Release */,
			);
			defaultConfigurationIsVisible = 0;
			defaultConfigurationName = Release;
		};
		92736BDC2CF7A78B00720C5B /* Build configuration list for PBXNativeTarget "Assignment4" */ = {
			isa = XCConfigurationList;
			buildConfigurations = (
				92736BDD2CF7A78B00720C5B /* Debug */,
				92736BDE2CF7A78B00720C5B /* Release */,
			);
			defaultConfigurationIsVisible = 0;
			defaultConfigurationName = Release;
		};
		92736BDF2CF7A78B00720C5B /* Build configuration list for PBXNativeTarget "Assignment4Tests" */ = {
			isa = XCConfigurationList;
			buildConfigurations = (
				92736BE02CF7A78B00720C5B /* Debug */,
				92736BE12CF7A78B00720C5B /* Release */,
			);
			defaultConfigurationIsVisible = 0;
			defaultConfigurationName = Release;
		};
		92736BE22CF7A78B00720C5B /* Build configuration list for PBXNativeTarget "Assignment4UITests" */ = {
			isa = XCConfigurationList;
			buildConfigurations = (
				92736BE32CF7A78B00720C5B /* Debug */,
				92736BE42CF7A78B00720C5B /* Release */,
			);
			defaultConfigurationIsVisible = 0;
			defaultConfigurationName = Release;
		};
/* End XCConfigurationList section */

/* Begin XCRemoteSwiftPackageReference section */
		925236AE2D0695F2008BA930 /* XCRemoteSwiftPackageReference "Alamofire" */ = {
			isa = XCRemoteSwiftPackageReference;
			repositoryURL = "https://github.com/Alamofire/Alamofire.git";
			requirement = {
				kind = exactVersion;
				version = 5.10.2;
			};
		};
		925236B12D06962E008BA930 /* XCRemoteSwiftPackageReference "SwiftyJSON" */ = {
			isa = XCRemoteSwiftPackageReference;
			repositoryURL = "https://github.com/SwiftyJSON/SwiftyJSON";
			requirement = {
				kind = exactVersion;
				version = 5.0.2;
			};
		};
		9263BD492D098A0000E65D41 /* XCRemoteSwiftPackageReference "SwiftSpinner" */ = {
			isa = XCRemoteSwiftPackageReference;
			repositoryURL = "https://github.com/icanzilb/SwiftSpinner";
			requirement = {
				kind = exactVersion;
				version = 2.2.0;
			};
		};
/* End XCRemoteSwiftPackageReference section */

/* Begin XCSwiftPackageProductDependency section */
		925236AF2D0695F2008BA930 /* Alamofire */ = {
			isa = XCSwiftPackageProductDependency;
			package = 925236AE2D0695F2008BA930 /* XCRemoteSwiftPackageReference "Alamofire" */;
			productName = Alamofire;
		};
		925236B22D06962E008BA930 /* SwiftyJSON */ = {
			isa = XCSwiftPackageProductDependency;
			package = 925236B12D06962E008BA930 /* XCRemoteSwiftPackageReference "SwiftyJSON" */;
			productName = SwiftyJSON;
		};
		9263BD4A2D098A0000E65D41 /* SwiftSpinner */ = {
			isa = XCSwiftPackageProductDependency;
			package = 9263BD492D098A0000E65D41 /* XCRemoteSwiftPackageReference "SwiftSpinner" */;
			productName = SwiftSpinner;
		};
/* End XCSwiftPackageProductDependency section */
	};
	rootObject = 92736BB02CF7A78800720C5B /* Project object */;
}
